{
  "name": "ezshaka",
  "version": "1.0.0",
  "lockfileVersion": 3,
  "requires": true,
  "packages": {
    "": {
      "name": "ezshaka",
      "version": "1.0.0",
      "license": "ISC",
      "dependencies": {
        "shaka-packager": "^3.4.2"
      }
    },
    "node_modules/shaka-packager": {
      "version": "3.4.2",
      "resolved": "https://registry.npmjs.org/shaka-packager/-/shaka-packager-3.4.2.tgz",
      "integrity": "sha512-4CN4guIvK8hIObBw2w/0kOh1JBnzpcHYMUW1LViGmfDOyFddEQ+mYtEjyYrDMkwfusHA2aR0nEBgp9MaDZEWDA==",
      "license": "See LICENSE"
    }
  }
}
